
Microsoft Visual Studio Solution File, Format Version 12.00
# Visual Studio 15
VisualStudioVersion = 15.0.28307.489
MinimumVisualStudioVersion = 10.0.40219.1
Project("{FAE04EC0-301F-11D3-BF4B-00C04F79EFBC}") = "KiraHome", "KiraHome\KiraHome.csproj", "{A074139C-362F-4FE4-99B1-17AE45667320}"
EndProject
Global
	GlobalSection(SolutionConfigurationPlatforms) = preSolution
		Debug|Any CPU = Debug|Any CPU
		Release|Any CPU = Release|Any CPU
	EndGlobalSection
	GlobalSection(ProjectConfigurationPlatforms) = postSolution
		{A074139C-362F-4FE4-99B1-17AE45667320}.Debug|Any CPU.ActiveCfg = Debug|Any CPU
		{A074139C-362F-4FE4-99B1-17AE45667320}.Debug|Any CPU.Build.0 = Debug|Any CPU
		{A074139C-362F-4FE4-99B1-17AE45667320}.Release|Any CPU.ActiveCfg = Release|Any CPU
		{A074139C-362F-4FE4-99B1-17AE45667320}.Release|Any CPU.Build.0 = Release|Any CPU
	EndGlobalSection
	GlobalSection(SolutionProperties) = preSolution
		HideSolutionNode = FALSE
	EndGlobalSection
	GlobalSection(ExtensibilityGlobals) = postSolution
		SolutionGuid = {861C68D7-683D-42BC-825E-A7910D2E0935}
	EndGlobalSection
EndGlobal
